lockfileVersion: '9.0'

settings:
  autoInstallPeers: true
  excludeLinksFromLockfile: false

importers:

  .:
    devDependencies:
      turbo:
        specifier: ^2
        version: 2.8.13
      typescript:
        specifier: ^5
        version: 5.9.3

  packages/cli:
    dependencies:
      '@definatype/schema':
        specifier: workspace:*
        version: link:../schema
    devDependencies:
      '@types/node':
        specifier: ^22
        version: 22.19.13
      typescript:
        specifier: ^5
        version: 5.9.3

  packages/schema:
    devDependencies:
      typescript:
        specifier: ^5
        version: 5.9.3

packages:

  '@types/node@22.19.13':
    resolution: {integrity: sha512-akNQMv0wW5uyRpD2v2IEyRSZiR+BeGuoB6L310EgGObO44HSMNT8z1xzio28V8qOrgYaopIDNA18YgdXd+qTiw==}

  turbo-darwin-64@2.8.13:
    resolution: {integrity: sha512-PmOvodQNiOj77+Zwoqku70vwVjKzL34RTNxxoARjp5RU5FOj/CGiC6vcDQhNtFPUOWSAaogHF5qIka9TBhX4XA==}
    cpu: [x64]
    os: [darwin]

  turbo-darwin-arm64@2.8.13:
    resolution: {integrity: sha512-kI+anKcLIM4L8h+NsM7mtAUpElkCOxv5LgiQVQR8BASyDFfc8Efj5kCk3cqxuxOvIqx0sLfCX7atrHQ2kwuNJQ==}
    cpu: [arm64]
    os: [darwin]

  turbo-linux-64@2.8.13:
    resolution: {integrity: sha512-j29KnQhHyzdzgCykBFeBqUPS4Wj7lWMnZ8CHqytlYDap4Jy70l4RNG46pOL9+lGu6DepK2s1rE86zQfo0IOdPw==}
    cpu: [x64]
    os: [linux]

  turbo-linux-arm64@2.8.13:
    resolution: {integrity: sha512-OEl1YocXGZDRDh28doOUn49QwNe82kXljO1HXApjU0LapkDiGpfl3jkAlPKxEkGDSYWc8MH5Ll8S16Rf5tEBYg==}
    cpu: [arm64]
    os: [linux]

  turbo-windows-64@2.8.13:
    resolution: {integrity: sha512-717bVk1+Pn2Jody7OmWludhEirEe0okoj1NpRbSm5kVZz/yNN/jfjbxWC6ilimXMz7xoMT3IDfQFJsFR3PMANA==}
    cpu: [x64]
    os: [win32]

  turbo-windows-arm64@2.8.13:
    resolution: {integrity: sha512-R819HShLIT0Wj6zWVnIsYvSNtRNj1q9VIyaUz0P24SMcLCbQZIm1sV09F4SDbg+KCCumqD2lcaR2UViQ8SnUJA==}
    cpu: [arm64]
    os: [win32]

  turbo@2.8.13:
    resolution: {integrity: sha512-nyM99hwFB9/DHaFyKEqatdayGjsMNYsQ/XBNO6MITc7roncZetKb97MpHxWf3uiU+LB9c9HUlU3Jp2Ixei2k1A==}
    hasBin: true

  typescript@5.9.3:
    resolution: {integrity: sha512-jl1vZzPDinLr9eUt3J/t7V6FgNEw9QjvBPdysz9KfQDD41fQrC2Y4vKQdiaUpFT4bXlb1RHhLpp8wtm6M5TgSw==}
    engines: {node: '>=14.17'}
    hasBin: true

  undici-types@6.21.0:
    resolution: {integrity: sha512-iwDZqg0QAGrg9Rav5H4n0M64c3mkR59cJ6wQp+7C4nI0gsmExaedaYLNO44eT4AtBBwjbTiGPMlt2Md0T9H9JQ==}

snapshots:

  '@types/node@22.19.13':
    dependencies:
      undici-types: 6.21.0

  turbo-darwin-64@2.8.13:
    optional: true

  turbo-darwin-arm64@2.8.13:
    optional: true

  turbo-linux-64@2.8.13:
    optional: true

  turbo-linux-arm64@2.8.13:
    optional: true

  turbo-windows-64@2.8.13:
    optional: true

  turbo-windows-arm64@2.8.13:
    optional: true

  turbo@2.8.13:
    optionalDependencies:
      turbo-darwin-64: 2.8.13
      turbo-darwin-arm64: 2.8.13
      turbo-linux-64: 2.8.13
      turbo-linux-arm64: 2.8.13
      turbo-windows-64: 2.8.13
      turbo-windows-arm64: 2.8.13

  typescript@5.9.3: {}

  undici-types@6.21.0: {}
